// !$*UTF8*$!
{
	archiveVersion = 1;
	classes = {
	};
	objectVersion = 77;
	objects = {

/* Begin PBXContainerItemProxy section */
		84E9015D2CAC9BA2000CEC7A /* PBXContainerItemProxy */ = {
			isa = PBXContainerItemProxy;
			containerPortal = 84E901422CAC9BA0000CEC7A /* Project object */;
			proxyType = 1;
			remoteGlobalIDString = 84E901492CAC9BA0000CEC7A;
			remoteInfo = celeriz;
		};
		84E901672CAC9BA2000CEC7A /* PBXContainerItemProxy */ = {
			isa = PBXContainerItemProxy;
			containerPortal = 84E901422CAC9BA0000CEC7A /* Project object */;
			proxyType = 1;
			remoteGlobalIDString = 84E901492CAC9BA0000CEC7A;
			remoteInfo = celeriz;
		};
/* End PBXContainerItemProxy section */

/* Begin PBXFileReference section */
		84E9014A2CAC9BA0000CEC7A /* celeriz.app */ = {isa = PBXFileReference; explicitFileType = wrapper.application; includeInIndex = 0; path = celeriz.app; sourceTree = BUILT_PRODUCTS_DIR; };
		84E9015C2CAC9BA2000CEC7A /* celerizTests.xctest */ = {isa = PBXFileReference; explicitFileType = wrapper.cfbundle; includeInIndex = 0; path = celerizTests.xctest; sourceTree = BUILT_PRODUCTS_DIR; };
		84E901662CAC9BA2000CEC7A /* celerizUITests.xctest */ = {isa = PBXFileReference; explicitFileType = wrapper.cfbundle; includeInIndex = 0; path = celerizUITests.xctest; sourceTree = BUILT_PRODUCTS_DIR; };
/* End PBXFileReference section */

/* Begin PBXFileSystemSynchronizedBuildFileExceptionSet section */
		84E9017C2CACA2F8000CEC7A /* Exceptions for "celeriz" folder in "celeriz" target */ = {
			isa = PBXFileSystemSynchronizedBuildFileExceptionSet;
			membershipExceptions = (
				Info.plist,
			);
			target = 84E901492CAC9BA0000CEC7A /* celeriz */;
		};
/* End PBXFileSystemSynchronizedBuildFileExceptionSet section */

/* Begin PBXFileSystemSynchronizedRootGroup section */
		84E9014C2CAC9BA0000CEC7A /* celeriz */ = {
			isa = PBXFileSystemSynchronizedRootGroup;
			exceptions = (
				84E9017C2CACA2F8000CEC7A /* Exceptions for "celeriz" folder in "celeriz" target */,
			);
			path = celeriz;
			sourceTree = "<group>";
		};
		84E9015F2CAC9BA2000CEC7A /* celerizTests */ = {
			isa = PBXFileSystemSynchronizedRootGroup;
			path = celerizTests;
			sourceTree = "<group>";
		};
		84E901692CAC9BA2000CEC7A /* celerizUITests */ = {
			isa = PBXFileSystemSynchronizedRootGroup;
			path = celerizUITests;
			sourceTree = "<group>";
		};
/* End PBXFileSystemSynchronizedRootGroup section */

/* Begin PBXFrameworksBuildPhase section */
		84E901472CAC9BA0000CEC7A /* Frameworks */ = {
			isa = PBXFrameworksBuildPhase;
			buildActionMask = 2147483647;
			files = (
			);
			runOnlyForDeploymentPostprocessing = 0;
		};
		84E901592CAC9BA2000CEC7A /* Frameworks */ = {
			isa = PBXFrameworksBuildPhase;
			buildActionMask = 2147483647;
			files = (
			);
			runOnlyForDeploymentPostprocessing = 0;
		};
		84E901632CAC9BA2000CEC7A /* Frameworks */ = {
			isa = PBXFrameworksBuildPhase;
			buildActionMask = 2147483647;
			files = (
			);
			runOnlyForDeploymentPostprocessing = 0;
		};
/* End PBXFrameworksBuildPhase section */

/* Begin PBXGroup section */
		84E901412CAC9BA0000CEC7A = {
			isa = PBXGroup;
			children = (
				84E9014C2CAC9BA0000CEC7A /* celeriz */,
				84E9015F2CAC9BA2000CEC7A /* celerizTests */,
				84E901692CAC9BA2000CEC7A /* celerizUITests */,
				84E9014B2CAC9BA0000CEC7A /* Products */,
			);
			sourceTree = "<group>";
		};
		84E9014B2CAC9BA0000CEC7A /* Products */ = {
			isa = PBXGroup;
			children = (
				84E9014A2CAC9BA0000CEC7A /* celeriz.app */,
				84E9015C2CAC9BA2000CEC7A /* celerizTests.xctest */,
				84E901662CAC9BA2000CEC7A /* celerizUITests.xctest */,
			);
			name = Products;
			sourceTree = "<group>";
		};
/* End PBXGroup section */

/* Begin PBXNativeTarget section */
		84E901492CAC9BA0000CEC7A /* celeriz */ = {
			isa = PBXNativeTarget;
			buildConfigurationList = 84E901702CAC9BA2000CEC7A /* Build configuration list for PBXNativeTarget "celeriz" */;
			buildPhases = (
				84E901462CAC9BA0000CEC7A /* Sources */,
				84E901472CAC9BA0000CEC7A /* Frameworks */,
				84E901482CAC9BA0000CEC7A /* Resources */,
			);
			buildRules = (
			);
			dependencies = (
			);
			fileSystemSynchronizedGroups = (
				84E9014C2CAC9BA0000CEC7A /* celeriz */,
			);
			name = celeriz;
			packageProductDependencies = (
			);
			productName = celeriz;
			productReference = 84E9014A2CAC9BA0000CEC7A /* celeriz.app */;
			productType = "com.apple.product-type.application";
		};
		84E9015B2CAC9BA2000CEC7A /* celerizTests */ = {
			isa = PBXNativeTarget;
			buildConfigurationList = 84E901732CAC9BA2000CEC7A /* Build configuration list for PBXNativeTarget "celerizTests" */;
			buildPhases = (
				84E901582CAC9BA2000CEC7A /* Sources */,
				84E901592CAC9BA2000CEC7A /* Frameworks */,
				84E9015A2CAC9BA2000CEC7A /* Resources */,
			);
			buildRules = (
			);
			dependencies = (
				84E9015E2CAC9BA2000CEC7A /* PBXTargetDependency */,
			);
			fileSystemSynchronizedGroups = (
				84E9015F2CAC9BA2000CEC7A /* celerizTests */,
			);
			name = celerizTests;
			packageProductDependencies = (
			);
			productName = celerizTests;
			productReference = 84E9015C2CAC9BA2000CEC7A /* celerizTests.xctest */;
			productType = "com.apple.product-type.bundle.unit-test";
		};
		84E901652CAC9BA2000CEC7A /* celerizUITests */ = {
			isa = PBXNativeTarget;
			buildConfigurationList = 84E901762CAC9BA2000CEC7A /* Build configuration list for PBXNativeTarget "celerizUITests" */;
			buildPhases = (
				84E901622CAC9BA2000CEC7A /* Sources */,
				84E901632CAC9BA2000CEC7A /* Frameworks */,
				84E901642CAC9BA2000CEC7A /* Resources */,
			);
			buildRules = (
			);
			dependencies = (
				84E901682CAC9BA2000CEC7A /* PBXTargetDependency */,
			);
			fileSystemSynchronizedGroups = (
				84E901692CAC9BA2000CEC7A /* celerizUITests */,
			);
			name = celerizUITests;
			packageProductDependencies = (
			);
			productName = celerizUITests;
			productReference = 84E901662CAC9BA2000CEC7A /* celerizUITests.xctest */;
			productType = "com.apple.product-type.bundle.ui-testing";
		};
/* End PBXNativeTarget section */

/* Begin PBXProject section */
		84E901422CAC9BA0000CEC7A /* Project object */ = {
			isa = PBXProject;
			attributes = {
				BuildIndependentTargetsInParallel = 1;
				LastSwiftUpdateCheck = 1600;
				LastUpgradeCheck = 1600;
				TargetAttributes = {
					84E901492CAC9BA0000CEC7A = {
						CreatedOnToolsVersion = 16.0;
					};
					84E9015B2CAC9BA2000CEC7A = {
						CreatedOnToolsVersion = 16.0;
						TestTargetID = 84E901492CAC9BA0000CEC7A;
					};
					84E901652CAC9BA2000CEC7A = {
						CreatedOnToolsVersion = 16.0;
						TestTargetID = 84E901492CAC9BA0000CEC7A;
					};
				};
			};
			buildConfigurationList = 84E901452CAC9BA0000CEC7A /* Build configuration list for PBXProject "celeriz" */;
			developmentRegion = en;
			hasScannedForEncodings = 0;
			knownRegions = (
				en,
				Base,
			);
			mainGroup = 84E901412CAC9BA0000CEC7A;
			minimizedProjectReferenceProxies = 1;
			preferredProjectObjectVersion = 77;
			productRefGroup = 84E9014B2CAC9BA0000CEC7A /* Products */;
			projectDirPath = "";
			projectRoot = "";
			targets = (
				84E901492CAC9BA0000CEC7A /* celeriz */,
				84E9015B2CAC9BA2000CEC7A /* celerizTests */,
				84E901652CAC9BA2000CEC7A /* celerizUITests */,
			);
		};
/* End PBXProject section */

/* Begin PBXResourcesBuildPhase section */
		84E901482CAC9BA0000CEC7A /* Resources */ = {
			isa = PBXResourcesBuildPhase;
			buildActionMask = 2147483647;
			files = (
			);
			runOnlyForDeploymentPostprocessing = 0;
		};
		84E9015A2CAC9BA2000CEC7A /* Resources */ = {
			isa = PBXResourcesBuildPhase;
			buildActionMask = 2147483647;
			files = (
			);
			runOnlyForDeploymentPostprocessing = 0;
		};
		84E901642CAC9BA2000CEC7A /* Resources */ = {
			isa = PBXResourcesBuildPhase;
			buildActionMask = 2147483647;
			files = (
			);
			runOnlyForDeploymentPostprocessing = 0;
		};
/* End PBXResourcesBuildPhase section */

/* Begin PBXSourcesBuildPhase section */
		84E901462CAC9BA0000CEC7A /* Sources */ = {
			isa = PBXSourcesBuildPhase;
			buildActionMask = 2147483647;
			files = (
			);
			runOnlyForDeploymentPostprocessing = 0;
		};
		84E901582CAC9BA2000CEC7A /* Sources */ = {
			isa = PBXSourcesBuildPhase;
			buildActionMask = 2147483647;
			files = (
			);
			runOnlyForDeploymentPostprocessing = 0;
		};
		84E901622CAC9BA2000CEC7A /* Sources */ = {
			isa = PBXSourcesBuildPhase;
			buildActionMask = 2147483647;
			files = (
			);
			runOnlyForDeploymentPostprocessing = 0;
		};
/* End PBXSourcesBuildPhase section */

/* Begin PBXTargetDependency section */
		84E9015E2CAC9BA2000CEC7A /* PBXTargetDependency */ = {
			isa = PBXTargetDependency;
			target = 84E901492CAC9BA0000CEC7A /* celeriz */;
			targetProxy = 84E9015D2CAC9BA2000CEC7A /* PBXContainerItemProxy */;
		};
		84E901682CAC9BA2000CEC7A /* PBXTargetDependency */ = {
			isa = PBXTargetDependency;
			target = 84E901492CAC9BA0000CEC7A /* celeriz */;
			targetProxy = 84E901672CAC9BA2000CEC7A /* PBXContainerItemProxy */;
		};
/* End PBXTargetDependency section */

/* Begin XCBuildConfiguration section */
		84E9016E2CAC9BA2000CEC7A /* Debug */ = {
			isa = XCBuildConfiguration;
			buildSettings = {
				ALWAYS_SEARCH_USER_PATHS = NO;
				ASSETCATALOG_COMPILER_GENERATE_SWIFT_ASSET_SYMBOL_EXTENSIONS = YES;
				CLANG_ANALYZER_NONNULL = YES;
				CLANG_ANALYZER_NUMBER_OBJECT_CONVERSION = YES_AGGRESSIVE;
				CLANG_CXX_LANGUAGE_STANDARD = "gnu++20";
				CLANG_ENABLE_MODULES = YES;
				CLANG_ENABLE_OBJC_ARC = YES;
				CLANG_ENABLE_OBJC_WEAK = YES;
				CLANG_WARN_BLOCK_CAPTURE_AUTORELEASING = YES;
				CLANG_WARN_BOOL_CONVERSION = YES;
				CLANG_WARN_COMMA = YES;
				CLANG_WARN_CONSTANT_CONVERSION = YES;
				CLANG_WARN_DEPRECATED_OBJC_IMPLEMENTATIONS = YES;
				CLANG_WARN_DIRECT_OBJC_ISA_USAGE = YES_ERROR;
				CLANG_WARN_DOCUMENTATION_COMMENTS = YES;
				CLANG_WARN_EMPTY_BODY = YES;
				CLANG_WARN_ENUM_CONVERSION = YES;
				CLANG_WARN_INFINITE_RECURSION = YES;
				CLANG_WARN_INT_CONVERSION = YES;
				CLANG_WARN_NON_LITERAL_NULL_CONVERSION = YES;
				CLANG_WARN_OBJC_IMPLICIT_RETAIN_SELF = YES;
				CLANG_WARN_OBJC_LITERAL_CONVERSION = YES;
				CLANG_WARN_OBJC_ROOT_CLASS = YES_ERROR;
				CLANG_WARN_QUOTED_INCLUDE_IN_FRAMEWORK_HEADER = YES;
				CLANG_WARN_RANGE_LOOP_ANALYSIS = YES;
				CLANG_WARN_STRICT_PROTOTYPES = YES;
				CLANG_WARN_SUSPICIOUS_MOVE = YES;
				CLANG_WARN_UNGUARDED_AVAILABILITY = YES_AGGRESSIVE;
				CLANG_WARN_UNREACHABLE_CODE = YES;
				CLANG_WARN__DUPLICATE_METHOD_MATCH = YES;
				COPY_PHASE_STRIP = NO;
				DEBUG_INFORMATION_FORMAT = dwarf;
				ENABLE_STRICT_OBJC_MSGSEND = YES;
				ENABLE_TESTABILITY = YES;
				ENABLE_USER_SCRIPT_SANDBOXING = YES;
				GCC_C_LANGUAGE_STANDARD = gnu17;
				GCC_DYNAMIC_NO_PIC = NO;
				GCC_NO_COMMON_BLOCKS = YES;
				GCC_OPTIMIZATION_LEVEL = 0;
				GCC_PREPROCESSOR_DEFINITIONS = (
					"DEBUG=1",
					"$(inherited)",
				);
				GCC_WARN_64_TO_32_BIT_CONVERSION = YES;
				GCC_WARN_ABOUT_RETURN_TYPE = YES_ERROR;
				GCC_WARN_UNDECLARED_SELECTOR = YES;
				GCC_WARN_UNINITIALIZED_AUTOS = YES_AGGRESSIVE;
				GCC_WARN_UNUSED_FUNCTION = YES;
				GCC_WARN_UNUSED_VARIABLE = YES;
				IPHONEOS_DEPLOYMENT_TARGET = 18.0;
				LOCALIZATION_PREFERS_STRING_CATALOGS = YES;
				MTL_ENABLE_DEBUG_INFO = INCLUDE_SOURCE;
				MTL_FAST_MATH = YES;
				ONLY_ACTIVE_ARCH = YES;
				SDKROOT = iphoneos;
				SWIFT_ACTIVE_COMPILATION_CONDITIONS = "DEBUG $(inherited)";
				SWIFT_OPTIMIZATION_LEVEL = "-Onone";
			};
			name = Debug;
		};
		84E9016F2CAC9BA2000CEC7A /* Release */ = {
			isa = XCBuildConfiguration;
			buildSettings = {
				ALWAYS_SEARCH_USER_PATHS = NO;
				ASSETCATALOG_COMPILER_GENERATE_SWIFT_ASSET_SYMBOL_EXTENSIONS = YES;
				CLANG_ANALYZER_NONNULL = YES;
				CLANG_ANALYZER_NUMBER_OBJECT_CONVERSION = YES_AGGRESSIVE;
				CLANG_CXX_LANGUAGE_STANDARD = "gnu++20";
				CLANG_ENABLE_MODULES = YES;
				CLANG_ENABLE_OBJC_ARC = YES;
				CLANG_ENABLE_OBJC_WEAK = YES;
				CLANG_WARN_BLOCK_CAPTURE_AUTORELEASING = YES;
				CLANG_WARN_BOOL_CONVERSION = YES;
				CLANG_WARN_COMMA = YES;
				CLANG_WARN_CONSTANT_CONVERSION = YES;
				CLANG_WARN_DEPRECATED_OBJC_IMPLEMENTATIONS = YES;
				CLANG_WARN_DIRECT_OBJC_ISA_USAGE = YES_ERROR;
				CLANG_WARN_DOCUMENTATION_COMMENTS = YES;
				CLANG_WARN_EMPTY_BODY = YES;
				CLANG_WARN_ENUM_CONVERSION = YES;
				CLANG_WARN_INFINITE_RECURSION = YES;
				CLANG_WARN_INT_CONVERSION = YES;
				CLANG_WARN_NON_LITERAL_NULL_CONVERSION = YES;
				CLANG_WARN_OBJC_IMPLICIT_RETAIN_SELF = YES;
				CLANG_WARN_OBJC_LITERAL_CONVERSION = YES;
				CLANG_WARN_OBJC_ROOT_CLASS = YES_ERROR;
				CLANG_WARN_QUOTED_INCLUDE_IN_FRAMEWORK_HEADER = YES;
				CLANG_WARN_RANGE_LOOP_ANALYSIS = YES;
				CLANG_WARN_STRICT_PROTOTYPES = YES;
				CLANG_WARN_SUSPICIOUS_MOVE = YES;
				CLANG_WARN_UNGUARDED_AVAILABILITY = YES_AGGRESSIVE;
				CLANG_WARN_UNREACHABLE_CODE = YES;
				CLANG_WARN__DUPLICATE_METHOD_MATCH = YES;
				COPY_PHASE_STRIP = NO;
				DEBUG_INFORMATION_FORMAT = "dwarf-with-dsym";
				ENABLE_NS_ASSERTIONS = NO;
				ENABLE_STRICT_OBJC_MSGSEND = YES;
				ENABLE_USER_SCRIPT_SANDBOXING = YES;
				GCC_C_LANGUAGE_STANDARD = gnu17;
				GCC_NO_COMMON_BLOCKS = YES;
				GCC_WARN_64_TO_32_BIT_CONVERSION = YES;
				GCC_WARN_ABOUT_RETURN_TYPE = YES_ERROR;
				GCC_WARN_UNDECLARED_SELECTOR = YES;
				GCC_WARN_UNINITIALIZED_AUTOS = YES_AGGRESSIVE;
				GCC_WARN_UNUSED_FUNCTION = YES;
				GCC_WARN_UNUSED_VARIABLE = YES;
				IPHONEOS_DEPLOYMENT_TARGET = 18.0;
				LOCALIZATION_PREFERS_STRING_CATALOGS = YES;
				MTL_ENABLE_DEBUG_INFO = NO;
				MTL_FAST_MATH = YES;
				SDKROOT = iphoneos;
				SWIFT_COMPILATION_MODE = wholemodule;
				VALIDATE_PRODUCT = YES;
			};
			name = Release;
		};
		84E901712CAC9BA2000CEC7A /* Debug */ = {
			isa = XCBuildConfiguration;
			buildSettings = {
				ASSETCATALOG_COMPILER_APPICON_NAME = AppIcon;
				ASSETCATALOG_COMPILER_GLOBAL_ACCENT_COLOR_NAME = AccentColor;
				CODE_SIGN_STYLE = Automatic;
				CURRENT_PROJECT_VERSION = 1;
				DEVELOPMENT_ASSET_PATHS = "\"celeriz/Preview Content\"";
				DEVELOPMENT_TEAM = 796GG2Q48T;
				ENABLE_PREVIEWS = YES;
				GENERATE_INFOPLIST_FILE = YES;
				INFOPLIST_FILE = celeriz/Info.plist;
				INFOPLIST_KEY_UIApplicationSceneManifest_Generation = YES;
				INFOPLIST_KEY_UIApplicationSupportsIndirectInputEvents = YES;
				INFOPLIST_KEY_UILaunchScreen_Generation = YES;
				INFOPLIST_KEY_UISupportedInterfaceOrientations_iPad = "UIInterfaceOrientationPortrait UIInterfaceOrientationPortraitUpsideDown UIInterfaceOrientationLandscapeLeft UIInterfaceOrientationLandscapeRight";
				INFOPLIST_KEY_UISupportedInterfaceOrientations_iPhone = "UIInterfaceOrientationPortrait UIInterfaceOrientationLandscapeLeft UIInterfaceOrientationLandscapeRight";
				LD_RUNPATH_SEARCH_PATHS = (
					"$(inherited)",
					"@executable_path/Frameworks",
				);
				MARKETING_VERSION = 1.0;
				PRODUCT_BUNDLE_IDENTIFIER = celeriz.celeriz;
				PRODUCT_NAME = "$(TARGET_NAME)";
				SWIFT_EMIT_LOC_STRINGS = YES;
				SWIFT_VERSION = 5.0;
				TARGETED_DEVICE_FAMILY = "1,2";
			};
			name = Debug;
		};
		84E901722CAC9BA2000CEC7A /* Release */ = {
			isa = XCBuildConfiguration;
			buildSettings = {
				ASSETCATALOG_COMPILER_APPICON_NAME = AppIcon;
				ASSETCATALOG_COMPILER_GLOBAL_ACCENT_COLOR_NAME = AccentColor;
				CODE_SIGN_STYLE = Automatic;
				CURRENT_PROJECT_VERSION = 1;
				DEVELOPMENT_ASSET_PATHS = "\"celeriz/Preview Content\"";
				DEVELOPMENT_TEAM = 796GG2Q48T;
				ENABLE_PREVIEWS = YES;
				GENERATE_INFOPLIST_FILE = YES;
				INFOPLIST_FILE = celeriz/Info.plist;
				INFOPLIST_KEY_UIApplicationSceneManifest_Generation = YES;
				INFOPLIST_KEY_UIApplicationSupportsIndirectInputEvents = YES;
				INFOPLIST_KEY_UILaunchScreen_Generation = YES;
				INFOPLIST_KEY_UISupportedInterfaceOrientations_iPad = "UIInterfaceOrientationPortrait UIInterfaceOrientationPortraitUpsideDown UIInterfaceOrientationLandscapeLeft UIInterfaceOrientationLandscapeRight";
				INFOPLIST_KEY_UISupportedInterfaceOrientations_iPhone = "UIInterfaceOrientationPortrait UIInterfaceOrientationLandscapeLeft UIInterfaceOrientationLandscapeRight";
				LD_RUNPATH_SEARCH_PATHS = (
					"$(inherited)",
					"@executable_path/Frameworks",
				);
				MARKETING_VERSION = 1.0;
				PRODUCT_BUNDLE_IDENTIFIER = celeriz.celeriz;
				PRODUCT_NAME = "$(TARGET_NAME)";
				SWIFT_EMIT_LOC_STRINGS = YES;
				SWIFT_VERSION = 5.0;
				TARGETED_DEVICE_FAMILY = "1,2";
			};
			name = Release;
		};
		84E901742CAC9BA2000CEC7A /* Debug */ = {
			isa = XCBuildConfiguration;
			buildSettings = {
				BUNDLE_LOADER = "$(TEST_HOST)";
				CODE_SIGN_STYLE = Automatic;
				CURRENT_PROJECT_VERSION = 1;
				DEVELOPMENT_TEAM = 796GG2Q48T;
				GENERATE_INFOPLIST_FILE = YES;
				IPHONEOS_DEPLOYMENT_TARGET = 18.0;
				MARKETING_VERSION = 1.0;
				PRODUCT_BUNDLE_IDENTIFIER = celeriz.celerizTests;
				PRODUCT_NAME = "$(TARGET_NAME)";
				SWIFT_EMIT_LOC_STRINGS = NO;
				SWIFT_VERSION = 5.0;
				TARGETED_DEVICE_FAMILY = "1,2";
				TEST_HOST = "$(BUILT_PRODUCTS_DIR)/celeriz.app/$(BUNDLE_EXECUTABLE_FOLDER_PATH)/celeriz";
			};
			name = Debug;
		};
		84E901752CAC9BA2000CEC7A /* Release */ = {
			isa = XCBuildConfiguration;
			buildSettings = {
				BUNDLE_LOADER = "$(TEST_HOST)";
				CODE_SIGN_STYLE = Automatic;
				CURRENT_PROJECT_VERSION = 1;
				DEVELOPMENT_TEAM = 796GG2Q48T;
				GENERATE_INFOPLIST_FILE = YES;
				IPHONEOS_DEPLOYMENT_TARGET = 18.0;
				MARKETING_VERSION = 1.0;
				PRODUCT_BUNDLE_IDENTIFIER = celeriz.celerizTests;
				PRODUCT_NAME = "$(TARGET_NAME)";
				SWIFT_EMIT_LOC_STRINGS = NO;
				SWIFT_VERSION = 5.0;
				TARGETED_DEVICE_FAMILY = "1,2";
				TEST_HOST = "$(BUILT_PRODUCTS_DIR)/celeriz.app/$(BUNDLE_EXECUTABLE_FOLDER_PATH)/celeriz";
			};
			name = Release;
		};
		84E901772CAC9BA2000CEC7A /* Debug */ = {
			isa = XCBuildConfiguration;
			buildSettings = {
				CODE_SIGN_STYLE = Automatic;
				CURRENT_PROJECT_VERSION = 1;
				DEVELOPMENT_TEAM = 796GG2Q48T;
				GENERATE_INFOPLIST_FILE = YES;
				MARKETING_VERSION = 1.0;
				PRODUCT_BUNDLE_IDENTIFIER = celeriz.celerizUITests;
				PRODUCT_NAME = "$(TARGET_NAME)";
				SWIFT_EMIT_LOC_STRINGS = NO;
				SWIFT_VERSION = 5.0;
				TARGETED_DEVICE_FAMILY = "1,2";
				TEST_TARGET_NAME = celeriz;
			};
			name = Debug;
		};
		84E901782CAC9BA2000CEC7A /* Release */ = {
			isa = XCBuildConfiguration;
			buildSettings = {
				CODE_SIGN_STYLE = Automatic;
				CURRENT_PROJECT_VERSION = 1;
				DEVELOPMENT_TEAM = 796GG2Q48T;
				GENERATE_INFOPLIST_FILE = YES;
				MARKETING_VERSION = 1.0;
				PRODUCT_BUNDLE_IDENTIFIER = celeriz.celerizUITests;
				PRODUCT_NAME = "$(TARGET_NAME)";
				SWIFT_EMIT_LOC_STRINGS = NO;
				SWIFT_VERSION = 5.0;
				TARGETED_DEVICE_FAMILY = "1,2";
				TEST_TARGET_NAME = celeriz;
			};
			name = Release;
		};
/* End XCBuildConfiguration section */

/* Begin XCConfigurationList section */
		84E901452CAC9BA0000CEC7A /* Build configuration list for PBXProject "celeriz" */ = {
			isa = XCConfigurationList;
			buildConfigurations = (
				84E9016E2CAC9BA2000CEC7A /* Debug */,
				84E9016F2CAC9BA2000CEC7A /* Release */,
			);
			defaultConfigurationIsVisible = 0;
			defaultConfigurationName = Release;
		};
		84E901702CAC9BA2000CEC7A /* Build configuration list for PBXNativeTarget "celeriz" */ = {
			isa = XCConfigurationList;
			buildConfigurations = (
				84E901712CAC9BA2000CEC7A /* Debug */,
				84E901722CAC9BA2000CEC7A /* Release */,
			);
			defaultConfigurationIsVisible = 0;
			defaultConfigurationName = Release;
		};
		84E901732CAC9BA2000CEC7A /* Build configuration list for PBXNativeTarget "celerizTests" */ = {
			isa = XCConfigurationList;
			buildConfigurations = (
				84E901742CAC9BA2000CEC7A /* Debug */,
				84E901752CAC9BA2000CEC7A /* Release */,
			);
			defaultConfigurationIsVisible = 0;
			defaultConfigurationName = Release;
		};
		84E901762CAC9BA2000CEC7A /* Build configuration list for PBXNativeTarget "celerizUITests" */ = {
			isa = XCConfigurationList;
			buildConfigurations = (
				84E901772CAC9BA2000CEC7A /* Debug */,
				84E901782CAC9BA2000CEC7A /* Release */,
			);
			defaultConfigurationIsVisible = 0;
			defaultConfigurationName = Release;
		};
/* End XCConfigurationList section */
	};
	rootObject = 84E901422CAC9BA0000CEC7A /* Project object */;
}
